// !$*UTF8*$!
{
	archiveVersion = 1;
	classes = {
	};
	objectVersion = 56;
	objects = {

/* Begin PBXBuildFile section */
		6A7546062E7CFFEC007804DF /* Khoi_Nguyen___Exercise_4___Touches_and_GesturesApp.swift in Sources */ = {isa = PBXBuildFile; fileRef = 6A7546052E7CFFEC007804DF /* Khoi_Nguyen___Exercise_4___Touches_and_GesturesApp.swift */; };
		6A7546082E7CFFEC007804DF /* ContentView.swift in Sources */ = {isa = PBXBuildFile; fileRef = 6A7546072E7CFFEC007804DF /* ContentView.swift */; };
		6A75460A2E7CFFED007804DF /* Assets.xcassets in Resources */ = {isa = PBXBuildFile; fileRef = 6A7546092E7CFFED007804DF /* Assets.xcassets */; };
		6A75460D2E7CFFED007804DF /* Preview Assets.xcassets in Resources */ = {isa = PBXBuildFile; fileRef = 6A75460C2E7CFFED007804DF /* Preview Assets.xcassets */; };
/* End PBXBuildFile section */

/* Begin PBXFileReference section */
		6A7546022E7CFFEC007804DF /* Khoi Nguyen - Exercise 4 - Touches and Gestures.app */ = {isa = PBXFileReference; explicitFileType = wrapper.application; includeInIndex = 0; path = "Khoi Nguyen - Exercise 4 - Touches and Gestures.app"; sourceTree = BUILT_PRODUCTS_DIR; };
		6A7546052E7CFFEC007804DF /* Khoi_Nguyen___Exercise_4___Touches_and_GesturesApp.swift */ = {isa = PBXFileReference; lastKnownFileType = sourcecode.swift; path = "Khoi_Nguyen___Exercise_4___Touches_and_GesturesApp.swift"; sourceTree = "<group>"; };
		6A7546072E7CFFEC007804DF /* ContentView.swift */ = {isa = PBXFileReference; lastKnownFileType = sourcecode.swift; path = ContentView.swift; sourceTree = "<group>"; };
		6A7546092E7CFFED007804DF /* Assets.xcassets */ = {isa = PBXFileReference; lastKnownFileType = folder.assetcatalog; path = Assets.xcassets; sourceTree = "<group>"; };
		6A75460C2E7CFFED007804DF /* Preview Assets.xcassets */ = {isa = PBXFileReference; lastKnownFileType = folder.assetcatalog; path = "Preview Assets.xcassets"; sourceTree = "<group>"; };
		6A75460E2E7CFFED007804DF /* Khoi_Nguyen___Exercise_4___Touches_and_Gestures.entitlements */ = {isa = PBXFileReference; lastKnownFileType = text.plist.entitlements; path = "Khoi_Nguyen___Exercise_4___Touches_and_Gestures.entitlements"; sourceTree = "<group>"; };
/* End PBXFileReference section */

/* Begin PBXFrameworksBuildPhase section */
		6A7545FF2E7CFFEC007804DF /* Frameworks */ = {
			isa = PBXFrameworksBuildPhase;
			buildActionMask = 2147483647;
			files = (
			);
			runOnlyForDeploymentPostprocessing = 0;
		};
/* End PBXFrameworksBuildPhase section */

/* Begin PBXGroup section */
		6A7545F92E7CFFEC007804DF = {
			isa = PBXGroup;
			children = (
				6A7546042E7CFFEC007804DF /* Khoi Nguyen - Exercise 4 - Touches and Gestures */,
				6A7546032E7CFFEC007804DF /* Products */,
			);
			sourceTree = "<group>";
		};
		6A7546032E7CFFEC007804DF /* Products */ = {
			isa = PBXGroup;
			children = (
				6A7546022E7CFFEC007804DF /* Khoi Nguyen - Exercise 4 - Touches and Gestures.app */,
			);
			name = Products;
			sourceTree = "<group>";
		};
		6A7546042E7CFFEC007804DF /* Khoi Nguyen - Exercise 4 - Touches and Gestures */ = {
			isa = PBXGroup;
			children = (
				6A7546052E7CFFEC007804DF /* Khoi_Nguyen___Exercise_4___Touches_and_GesturesApp.swift */,
				6A7546072E7CFFEC007804DF /* ContentView.swift */,
				6A7546092E7CFFED007804DF /* Assets.xcassets */,
				6A75460E2E7CFFED007804DF /* Khoi_Nguyen___Exercise_4___Touches_and_Gestures.entitlements */,
				6A75460B2E7CFFED007804DF /* Preview Content */,
			);
			path = "Khoi Nguyen - Exercise 4 - Touches and Gestures";
			sourceTree = "<group>";
		};
		6A75460B2E7CFFED007804DF /* Preview Content */ = {
			isa = PBXGroup;
			children = (
				6A75460C2E7CFFED007804DF /* Preview Assets.xcassets */,
			);
			path = "Preview Content";
			sourceTree = "<group>";
		};
/* End PBXGroup section */

/* Begin PBXNativeTarget section */
		6A7546012E7CFFEC007804DF /* Khoi Nguyen - Exercise 4 - Touches and Gestures */ = {
			isa = PBXNativeTarget;
			buildConfigurationList = 6A7546112E7CFFED007804DF /* Build configuration list for PBXNativeTarget "Khoi Nguyen - Exercise 4 - Touches and Gestures" */;
			buildPhases = (
				6A7545FE2E7CFFEC007804DF /* Sources */,
				6A7545FF2E7CFFEC007804DF /* Frameworks */,
				6A7546002E7CFFEC007804DF /* Resources */,
			);
			buildRules = (
			);
			dependencies = (
			);
			name = "Khoi Nguyen - Exercise 4 - Touches and Gestures";
			productName = "Khoi Nguyen - Exercise 4 - Touches and Gestures";
			productReference = 6A7546022E7CFFEC007804DF /* Khoi Nguyen - Exercise 4 - Touches and Gestures.app */;
			productType = "com.apple.product-type.application";
		};
/* End PBXNativeTarget section */

/* Begin PBXProject section */
		6A7545FA2E7CFFEC007804DF /* Project object */ = {
			isa = PBXProject;
			attributes = {
				BuildIndependentTargetsInParallel = 1;
				LastSwiftUpdateCheck = 1420;
				LastUpgradeCheck = 1420;
				TargetAttributes = {
					6A7546012E7CFFEC007804DF = {
						CreatedOnToolsVersion = 14.2;
					};
				};
			};
			buildConfigurationList = 6A7545FD2E7CFFEC007804DF /* Build configuration list for PBXProject "Khoi Nguyen - Exercise 4 - Touches and Gestures" */;
			compatibilityVersion = "Xcode 14.0";
			developmentRegion = en;
			hasScannedForEncodings = 0;
			knownRegions = (
				en,
				Base,
			);
			mainGroup = 6A7545F92E7CFFEC007804DF;
			productRefGroup = 6A7546032E7CFFEC007804DF /* Products */;
			projectDirPath = "";
			projectRoot = "";
			targets = (
				6A7546012E7CFFEC007804DF /* Khoi Nguyen - Exercise 4 - Touches and Gestures */,
			);
		};
/* End PBXProject section */

/* Begin PBXResourcesBuildPhase section */
		6A7546002E7CFFEC007804DF /* Resources */ = {
			isa = PBXResourcesBuildPhase;
			buildActionMask = 2147483647;
			files = (
				6A75460D2E7CFFED007804DF /* Preview Assets.xcassets in Resources */,
				6A75460A2E7CFFED007804DF /* Assets.xcassets in Resources */,
			);
			runOnlyForDeploymentPostprocessing = 0;
		};
/* End PBXResourcesBuildPhase section */

/* Begin PBXSourcesBuildPhase section */
		6A7545FE2E7CFFEC007804DF /* Sources */ = {
			isa = PBXSourcesBuildPhase;
			buildActionMask = 2147483647;
			files = (
				6A7546082E7CFFEC007804DF /* ContentView.swift in Sources */,
				6A7546062E7CFFEC007804DF /* Khoi_Nguyen___Exercise_4___Touches_and_GesturesApp.swift in Sources */,
			);
			runOnlyForDeploymentPostprocessing = 0;
		};
/* End PBXSourcesBuildPhase section */

/* Begin XCBuildConfiguration section */
		6A75460F2E7CFFED007804DF /* Debug */ = {
			isa = XCBuildConfiguration;
			buildSettings = {
				ALWAYS_SEARCH_USER_PATHS = NO;
				CLANG_ANALYZER_NONNULL = YES;
				CLANG_ANALYZER_NUMBER_OBJECT_CONVERSION = YES_AGGRESSIVE;
				CLANG_CXX_LANGUAGE_STANDARD = "gnu++20";
				CLANG_ENABLE_MODULES = YES;
				CLANG_ENABLE_OBJC_ARC = YES;
				CLANG_ENABLE_OBJC_WEAK = YES;
				CLANG_WARN_BLOCK_CAPTURE_AUTORELEASING = YES;
				CLANG_WARN_BOOL_CONVERSION = YES;
				CLANG_WARN_COMMA = YES;
				CLANG_WARN_CONSTANT_CONVERSION = YES;
				CLANG_WARN_DEPRECATED_OBJC_IMPLEMENTATIONS = YES;
				CLANG_WARN_DIRECT_OBJC_ISA_USAGE = YES_ERROR;
				CLANG_WARN_DOCUMENTATION_COMMENTS = YES;
				CLANG_WARN_EMPTY_BODY = YES;
				CLANG_WARN_ENUM_CONVERSION = YES;
				CLANG_WARN_INFINITE_RECURSION = YES;
				CLANG_WARN_INT_CONVERSION = YES;
				CLANG_WARN_NON_LITERAL_NULL_CONVERSION = YES;
				CLANG_WARN_OBJC_IMPLICIT_RETAIN_SELF = YES;
				CLANG_WARN_OBJC_LITERAL_CONVERSION = YES;
				CLANG_WARN_OBJC_ROOT_CLASS = YES_ERROR;
				CLANG_WARN_QUOTED_INCLUDE_IN_FRAMEWORK_HEADER = YES;
				CLANG_WARN_RANGE_LOOP_ANALYSIS = YES;
				CLANG_WARN_STRICT_PROTOTYPES = YES;
				CLANG_WARN_SUSPICIOUS_MOVE = YES;
				CLANG_WARN_UNGUARDED_AVAILABILITY = YES_AGGRESSIVE;
				CLANG_WARN_UNREACHABLE_CODE = YES;
				CLANG_WARN__DUPLICATE_METHOD_MATCH = YES;
				COPY_PHASE_STRIP = NO;
				DEBUG_INFORMATION_FORMAT = dwarf;
				ENABLE_STRICT_OBJC_MSGSEND = YES;
				ENABLE_TESTABILITY = YES;
				GCC_C_LANGUAGE_STANDARD = gnu11;
				GCC_DYNAMIC_NO_PIC = NO;
				GCC_NO_COMMON_BLOCKS = YES;
				GCC_OPTIMIZATION_LEVEL = 0;
				GCC_PREPROCESSOR_DEFINITIONS = (
					"DEBUG=1",
					"$(inherited)",
				);
				GCC_WARN_64_TO_32_BIT_CONVERSION = YES;
				GCC_WARN_ABOUT_RETURN_TYPE = YES_ERROR;
				GCC_WARN_UNDECLARED_SELECTOR = YES;
				GCC_WARN_UNINITIALIZED_AUTOS = YES_AGGRESSIVE;
				GCC_WARN_UNUSED_FUNCTION = YES;
				GCC_WARN_UNUSED_VARIABLE = YES;
				MACOSX_DEPLOYMENT_TARGET = 12.7;
				MTL_ENABLE_DEBUG_INFO = INCLUDE_SOURCE;
				MTL_FAST_MATH = YES;
				ONLY_ACTIVE_ARCH = YES;
				SDKROOT = macosx;
				SWIFT_ACTIVE_COMPILATION_CONDITIONS = DEBUG;
				SWIFT_OPTIMIZATION_LEVEL = "-Onone";
			};
			name = Debug;
		};
		6A7546102E7CFFED007804DF /* Release */ = {
			isa = XCBuildConfiguration;
			buildSettings = {
				ALWAYS_SEARCH_USER_PATHS = NO;
				CLANG_ANALYZER_NONNULL = YES;
				CLANG_ANALYZER_NUMBER_OBJECT_CONVERSION = YES_AGGRESSIVE;
				CLANG_CXX_LANGUAGE_STANDARD = "gnu++20";
				CLANG_ENABLE_MODULES = YES;
				CLANG_ENABLE_OBJC_ARC = YES;
				CLANG_ENABLE_OBJC_WEAK = YES;
				CLANG_WARN_BLOCK_CAPTURE_AUTORELEASING = YES;
				CLANG_WARN_BOOL_CONVERSION = YES;
				CLANG_WARN_COMMA = YES;
				CLANG_WARN_CONSTANT_CONVERSION = YES;
				CLANG_WARN_DEPRECATED_OBJC_IMPLEMENTATIONS = YES;
				CLANG_WARN_DIRECT_OBJC_ISA_USAGE = YES_ERROR;
				CLANG_WARN_DOCUMENTATION_COMMENTS = YES;
				CLANG_WARN_EMPTY_BODY = YES;
				CLANG_WARN_ENUM_CONVERSION = YES;
				CLANG_WARN_INFINITE_RECURSION = YES;
				CLANG_WARN_INT_CONVERSION = YES;
				CLANG_WARN_NON_LITERAL_NULL_CONVERSION = YES;
				CLANG_WARN_OBJC_IMPLICIT_RETAIN_SELF = YES;
				CLANG_WARN_OBJC_LITERAL_CONVERSION = YES;
				CLANG_WARN_OBJC_ROOT_CLASS = YES_ERROR;
				CLANG_WARN_QUOTED_INCLUDE_IN_FRAMEWORK_HEADER = YES;
				CLANG_WARN_RANGE_LOOP_ANALYSIS = YES;
				CLANG_WARN_STRICT_PROTOTYPES = YES;
				CLANG_WARN_SUSPICIOUS_MOVE = YES;
				CLANG_WARN_UNGUARDED_AVAILABILITY = YES_AGGRESSIVE;
				CLANG_WARN_UNREACHABLE_CODE = YES;
				CLANG_WARN__DUPLICATE_METHOD_MATCH = YES;
				COPY_PHASE_STRIP = NO;
				DEBUG_INFORMATION_FORMAT = "dwarf-with-dsym";
				ENABLE_NS_ASSERTIONS = NO;
				ENABLE_STRICT_OBJC_MSGSEND = YES;
				GCC_C_LANGUAGE_STANDARD = gnu11;
				GCC_NO_COMMON_BLOCKS = YES;
				GCC_WARN_64_TO_32_BIT_CONVERSION = YES;
				GCC_WARN_ABOUT_RETURN_TYPE = YES_ERROR;
				GCC_WARN_UNDECLARED_SELECTOR = YES;
				GCC_WARN_UNINITIALIZED_AUTOS = YES_AGGRESSIVE;
				GCC_WARN_UNUSED_FUNCTION = YES;
				GCC_WARN_UNUSED_VARIABLE = YES;
				MACOSX_DEPLOYMENT_TARGET = 12.7;
				MTL_ENABLE_DEBUG_INFO = NO;
				MTL_FAST_MATH = YES;
				SDKROOT = macosx;
				SWIFT_COMPILATION_MODE = wholemodule;
				SWIFT_OPTIMIZATION_LEVEL = "-O";
			};
			name = Release;
		};
		6A7546122E7CFFED007804DF /* Debug */ = {
			isa = XCBuildConfiguration;
			buildSettings = {
				ASSETCATALOG_COMPILER_APPICON_NAME = AppIcon;
				ASSETCATALOG_COMPILER_GLOBAL_ACCENT_COLOR_NAME = AccentColor;
				CODE_SIGN_ENTITLEMENTS = "Khoi Nguyen - Exercise 4 - Touches and Gestures/Khoi_Nguyen___Exercise_4___Touches_and_Gestures.entitlements";
				CODE_SIGN_STYLE = Automatic;
				COMBINE_HIDPI_IMAGES = YES;
				CURRENT_PROJECT_VERSION = 1;
				DEVELOPMENT_ASSET_PATHS = "\"Khoi Nguyen - Exercise 4 - Touches and Gestures/Preview Content\"";
				DEVELOPMENT_TEAM = UAF6KVRZTG;
				ENABLE_HARDENED_RUNTIME = YES;
				ENABLE_PREVIEWS = YES;
				GENERATE_INFOPLIST_FILE = YES;
				INFOPLIST_KEY_NSHumanReadableCopyright = "";
				LD_RUNPATH_SEARCH_PATHS = (
					"$(inherited)",
					"@executable_path/../Frameworks",
				);
				MARKETING_VERSION = 1.0;
				PRODUCT_BUNDLE_IDENTIFIER = "com.IYA.KhoiNguyen.Khoi-Nguyen---Exercise-4---Touches-and-Gestures";
				PRODUCT_NAME = "$(TARGET_NAME)";
				SUPPORTED_PLATFORMS = "iphoneos iphonesimulator macosx";
				SUPPORTS_MACCATALYST = NO;
				SUPPORTS_MAC_DESIGNED_FOR_IPHONE_IPAD = NO;
				SWIFT_EMIT_LOC_STRINGS = YES;
				SWIFT_VERSION = 5.0;
				TARGETED_DEVICE_FAMILY = 1;
			};
			name = Debug;
		};
		6A7546132E7CFFED007804DF /* Release */ = {
			isa = XCBuildConfiguration;
			buildSettings = {
				ASSETCATALOG_COMPILER_APPICON_NAME = AppIcon;
				ASSETCATALOG_COMPILER_GLOBAL_ACCENT_COLOR_NAME = AccentColor;
				CODE_SIGN_ENTITLEMENTS = "Khoi Nguyen - Exercise 4 - Touches and Gestures/Khoi_Nguyen___Exercise_4___Touches_and_Gestures.entitlements";
				CODE_SIGN_STYLE = Automatic;
				COMBINE_HIDPI_IMAGES = YES;
				CURRENT_PROJECT_VERSION = 1;
				DEVELOPMENT_ASSET_PATHS = "\"Khoi Nguyen - Exercise 4 - Touches and Gestures/Preview Content\"";
				DEVELOPMENT_TEAM = UAF6KVRZTG;
				ENABLE_HARDENED_RUNTIME = YES;
				ENABLE_PREVIEWS = YES;
				GENERATE_INFOPLIST_FILE = YES;
				INFOPLIST_KEY_NSHumanReadableCopyright = "";
				LD_RUNPATH_SEARCH_PATHS = (
					"$(inherited)",
					"@executable_path/../Frameworks",
				);
				MARKETING_VERSION = 1.0;
				PRODUCT_BUNDLE_IDENTIFIER = "com.IYA.KhoiNguyen.Khoi-Nguyen---Exercise-4---Touches-and-Gestures";
				PRODUCT_NAME = "$(TARGET_NAME)";
				SUPPORTED_PLATFORMS = "iphoneos iphonesimulator macosx";
				SUPPORTS_MACCATALYST = NO;
				SUPPORTS_MAC_DESIGNED_FOR_IPHONE_IPAD = NO;
				SWIFT_EMIT_LOC_STRINGS = YES;
				SWIFT_VERSION = 5.0;
				TARGETED_DEVICE_FAMILY = 1;
			};
			name = Release;
		};
/* End XCBuildConfiguration section */

/* Begin XCConfigurationList section */
		6A7545FD2E7CFFEC007804DF /* Build configuration list for PBXProject "Khoi Nguyen - Exercise 4 - Touches and Gestures" */ = {
			isa = XCConfigurationList;
			buildConfigurations = (
				6A75460F2E7CFFED007804DF /* Debug */,
				6A7546102E7CFFED007804DF /* Release */,
			);
			defaultConfigurationIsVisible = 0;
			defaultConfigurationName = Release;
		};
		6A7546112E7CFFED007804DF /* Build configuration list for PBXNativeTarget "Khoi Nguyen - Exercise 4 - Touches and Gestures" */ = {
			isa = XCConfigurationList;
			buildConfigurations = (
				6A7546122E7CFFED007804DF /* Debug */,
				6A7546132E7CFFED007804DF /* Release */,
			);
			defaultConfigurationIsVisible = 0;
			defaultConfigurationName = Release;
		};
/* End XCConfigurationList section */
	};
	rootObject = 6A7545FA2E7CFFEC007804DF /* Project object */;
}
