// !$*UTF8*$!
{
	archiveVersion = 1;
	classes = {
	};
	objectVersion = 56;
	objects = {

/* Begin PBXBuildFile section */
		6A93B1FF2E83A041002F2DFC /* KN_Exercise_5___Sound__Feedback_and_PolishApp.swift in Sources */ = {isa = PBXBuildFile; fileRef = 6A93B1FE2E83A041002F2DFC /* KN_Exercise_5___Sound__Feedback_and_PolishApp.swift */; };
		6A93B2012E83A041002F2DFC /* ContentView.swift in Sources */ = {isa = PBXBuildFile; fileRef = 6A93B2002E83A041002F2DFC /* ContentView.swift */; };
		6A93B2032E83A043002F2DFC /* Assets.xcassets in Resources */ = {isa = PBXBuildFile; fileRef = 6A93B2022E83A043002F2DFC /* Assets.xcassets */; };
		6A93B2062E83A043002F2DFC /* Preview Assets.xcassets in Resources */ = {isa = PBXBuildFile; fileRef = 6A93B2052E83A043002F2DFC /* Preview Assets.xcassets */; };
		6AAC7D322E8C64D400A6445F /* HelveticaNeueMedium.otf in Resources */ = {isa = PBXBuildFile; fileRef = 6AAC7D312E8C64D400A6445F /* HelveticaNeueMedium.otf */; };
		6AAC7D342E8C64DC00A6445F /* HelveticaNeueLight.otf in Resources */ = {isa = PBXBuildFile; fileRef = 6AAC7D332E8C64DC00A6445F /* HelveticaNeueLight.otf */; };
		6AAC7D362E8C64E300A6445F /* HelveticaNeueRoman.otf in Resources */ = {isa = PBXBuildFile; fileRef = 6AAC7D352E8C64E300A6445F /* HelveticaNeueRoman.otf */; };
		6AAC7D382E8C64EA00A6445F /* Transcity DEMO.otf in Resources */ = {isa = PBXBuildFile; fileRef = 6AAC7D372E8C64EA00A6445F /* Transcity DEMO.otf */; };
/* End PBXBuildFile section */

/* Begin PBXFileReference section */
		6A93B1FB2E83A041002F2DFC /* KN Exercise 5 - Sound, Feedback and Polish.app */ = {isa = PBXFileReference; explicitFileType = wrapper.application; includeInIndex = 0; path = "KN Exercise 5 - Sound, Feedback and Polish.app"; sourceTree = BUILT_PRODUCTS_DIR; };
		6A93B1FE2E83A041002F2DFC /* KN_Exercise_5___Sound__Feedback_and_PolishApp.swift */ = {isa = PBXFileReference; lastKnownFileType = sourcecode.swift; path = "KN_Exercise_5___Sound__Feedback_and_PolishApp.swift"; sourceTree = "<group>"; };
		6A93B2002E83A041002F2DFC /* ContentView.swift */ = {isa = PBXFileReference; lastKnownFileType = sourcecode.swift; path = ContentView.swift; sourceTree = "<group>"; };
		6A93B2022E83A043002F2DFC /* Assets.xcassets */ = {isa = PBXFileReference; lastKnownFileType = folder.assetcatalog; path = Assets.xcassets; sourceTree = "<group>"; };
		6A93B2052E83A043002F2DFC /* Preview Assets.xcassets */ = {isa = PBXFileReference; lastKnownFileType = folder.assetcatalog; path = "Preview Assets.xcassets"; sourceTree = "<group>"; };
		6A93B2072E83A043002F2DFC /* KN_Exercise_5___Sound__Feedback_and_Polish.entitlements */ = {isa = PBXFileReference; lastKnownFileType = text.plist.entitlements; path = "KN_Exercise_5___Sound__Feedback_and_Polish.entitlements"; sourceTree = "<group>"; };
		6AAC7D312E8C64D400A6445F /* HelveticaNeueMedium.otf */ = {isa = PBXFileReference; lastKnownFileType = file; name = HelveticaNeueMedium.otf; path = "../../../../UI:UX/KN-UIUX/KN-UIUX/fonts/HelveticaNeueMedium.otf"; sourceTree = "<group>"; };
		6AAC7D332E8C64DC00A6445F /* HelveticaNeueLight.otf */ = {isa = PBXFileReference; lastKnownFileType = file; name = HelveticaNeueLight.otf; path = "../../../../UI:UX/KN-UIUX/KN-UIUX/fonts/HelveticaNeueLight.otf"; sourceTree = "<group>"; };
		6AAC7D352E8C64E300A6445F /* HelveticaNeueRoman.otf */ = {isa = PBXFileReference; lastKnownFileType = file; name = HelveticaNeueRoman.otf; path = "../../../../UI:UX/KN-UIUX/KN-UIUX/fonts/HelveticaNeueRoman.otf"; sourceTree = "<group>"; };
		6AAC7D372E8C64EA00A6445F /* Transcity DEMO.otf */ = {isa = PBXFileReference; lastKnownFileType = file; name = "Transcity DEMO.otf"; path = "../../../../UI:UX/KN-UIUX/KN-UIUX/fonts/Transcity DEMO.otf"; sourceTree = "<group>"; };
		6AAC7D392E8C652A00A6445F /* KN-Exercise-5---Sound--Feedback-and-Polish-Info.plist */ = {isa = PBXFileReference; lastKnownFileType = text.plist; path = "KN-Exercise-5---Sound--Feedback-and-Polish-Info.plist"; sourceTree = SOURCE_ROOT; };
/* End PBXFileReference section */

/* Begin PBXFrameworksBuildPhase section */
		6A93B1F82E83A041002F2DFC /* Frameworks */ = {
			isa = PBXFrameworksBuildPhase;
			buildActionMask = 2147483647;
			files = (
			);
			runOnlyForDeploymentPostprocessing = 0;
		};
/* End PBXFrameworksBuildPhase section */

/* Begin PBXGroup section */
		6A93B1F22E83A041002F2DFC = {
			isa = PBXGroup;
			children = (
				6A93B1FD2E83A041002F2DFC /* KN Exercise 5 - Sound, Feedback and Polish */,
				6A93B1FC2E83A041002F2DFC /* Products */,
			);
			sourceTree = "<group>";
		};
		6A93B1FC2E83A041002F2DFC /* Products */ = {
			isa = PBXGroup;
			children = (
				6A93B1FB2E83A041002F2DFC /* KN Exercise 5 - Sound, Feedback and Polish.app */,
			);
			name = Products;
			sourceTree = "<group>";
		};
		6A93B1FD2E83A041002F2DFC /* KN Exercise 5 - Sound, Feedback and Polish */ = {
			isa = PBXGroup;
			children = (
				6AAC7D392E8C652A00A6445F /* KN-Exercise-5---Sound--Feedback-and-Polish-Info.plist */,
				6A93B1FE2E83A041002F2DFC /* KN_Exercise_5___Sound__Feedback_and_PolishApp.swift */,
				6A93B2002E83A041002F2DFC /* ContentView.swift */,
				6A93B2022E83A043002F2DFC /* Assets.xcassets */,
				6AAC7D302E8C64BD00A6445F /* Fonts */,
				6A93B2072E83A043002F2DFC /* KN_Exercise_5___Sound__Feedback_and_Polish.entitlements */,
				6A93B2042E83A043002F2DFC /* Preview Content */,
			);
			path = "KN Exercise 5 - Sound, Feedback and Polish";
			sourceTree = "<group>";
		};
		6A93B2042E83A043002F2DFC /* Preview Content */ = {
			isa = PBXGroup;
			children = (
				6A93B2052E83A043002F2DFC /* Preview Assets.xcassets */,
			);
			path = "Preview Content";
			sourceTree = "<group>";
		};
		6AAC7D302E8C64BD00A6445F /* Fonts */ = {
			isa = PBXGroup;
			children = (
				6AAC7D312E8C64D400A6445F /* HelveticaNeueMedium.otf */,
				6AAC7D332E8C64DC00A6445F /* HelveticaNeueLight.otf */,
				6AAC7D352E8C64E300A6445F /* HelveticaNeueRoman.otf */,
				6AAC7D372E8C64EA00A6445F /* Transcity DEMO.otf */,
			);
			path = Fonts;
			sourceTree = "<group>";
		};
/* End PBXGroup section */

/* Begin PBXNativeTarget section */
		6A93B1FA2E83A041002F2DFC /* KN Exercise 5 - Sound, Feedback and Polish */ = {
			isa = PBXNativeTarget;
			buildConfigurationList = 6A93B20A2E83A043002F2DFC /* Build configuration list for PBXNativeTarget "KN Exercise 5 - Sound, Feedback and Polish" */;
			buildPhases = (
				6A93B1F72E83A041002F2DFC /* Sources */,
				6A93B1F82E83A041002F2DFC /* Frameworks */,
				6A93B1F92E83A041002F2DFC /* Resources */,
			);
			buildRules = (
			);
			dependencies = (
			);
			name = "KN Exercise 5 - Sound, Feedback and Polish";
			productName = "KN Exercise 5 - Sound, Feedback and Polish";
			productReference = 6A93B1FB2E83A041002F2DFC /* KN Exercise 5 - Sound, Feedback and Polish.app */;
			productType = "com.apple.product-type.application";
		};
/* End PBXNativeTarget section */

/* Begin PBXProject section */
		6A93B1F32E83A041002F2DFC /* Project object */ = {
			isa = PBXProject;
			attributes = {
				BuildIndependentTargetsInParallel = 1;
				LastSwiftUpdateCheck = 1420;
				LastUpgradeCheck = 1420;
				TargetAttributes = {
					6A93B1FA2E83A041002F2DFC = {
						CreatedOnToolsVersion = 14.2;
					};
				};
			};
			buildConfigurationList = 6A93B1F62E83A041002F2DFC /* Build configuration list for PBXProject "KN Exercise 5 - Sound, Feedback and Polish" */;
			compatibilityVersion = "Xcode 14.0";
			developmentRegion = en;
			hasScannedForEncodings = 0;
			knownRegions = (
				en,
				Base,
			);
			mainGroup = 6A93B1F22E83A041002F2DFC;
			productRefGroup = 6A93B1FC2E83A041002F2DFC /* Products */;
			projectDirPath = "";
			projectRoot = "";
			targets = (
				6A93B1FA2E83A041002F2DFC /* KN Exercise 5 - Sound, Feedback and Polish */,
			);
		};
/* End PBXProject section */

/* Begin PBXResourcesBuildPhase section */
		6A93B1F92E83A041002F2DFC /* Resources */ = {
			isa = PBXResourcesBuildPhase;
			buildActionMask = 2147483647;
			files = (
				6AAC7D362E8C64E300A6445F /* HelveticaNeueRoman.otf in Resources */,
				6AAC7D322E8C64D400A6445F /* HelveticaNeueMedium.otf in Resources */,
				6A93B2062E83A043002F2DFC /* Preview Assets.xcassets in Resources */,
				6A93B2032E83A043002F2DFC /* Assets.xcassets in Resources */,
				6AAC7D342E8C64DC00A6445F /* HelveticaNeueLight.otf in Resources */,
				6AAC7D382E8C64EA00A6445F /* Transcity DEMO.otf in Resources */,
			);
			runOnlyForDeploymentPostprocessing = 0;
		};
/* End PBXResourcesBuildPhase section */

/* Begin PBXSourcesBuildPhase section */
		6A93B1F72E83A041002F2DFC /* Sources */ = {
			isa = PBXSourcesBuildPhase;
			buildActionMask = 2147483647;
			files = (
				6A93B2012E83A041002F2DFC /* ContentView.swift in Sources */,
				6A93B1FF2E83A041002F2DFC /* KN_Exercise_5___Sound__Feedback_and_PolishApp.swift in Sources */,
			);
			runOnlyForDeploymentPostprocessing = 0;
		};
/* End PBXSourcesBuildPhase section */

/* Begin XCBuildConfiguration section */
		6A93B2082E83A043002F2DFC /* Debug */ = {
			isa = XCBuildConfiguration;
			buildSettings = {
				ALWAYS_SEARCH_USER_PATHS = NO;
				CLANG_ANALYZER_NONNULL = YES;
				CLANG_ANALYZER_NUMBER_OBJECT_CONVERSION = YES_AGGRESSIVE;
				CLANG_CXX_LANGUAGE_STANDARD = "gnu++20";
				CLANG_ENABLE_MODULES = YES;
				CLANG_ENABLE_OBJC_ARC = YES;
				CLANG_ENABLE_OBJC_WEAK = YES;
				CLANG_WARN_BLOCK_CAPTURE_AUTORELEASING = YES;
				CLANG_WARN_BOOL_CONVERSION = YES;
				CLANG_WARN_COMMA = YES;
				CLANG_WARN_CONSTANT_CONVERSION = YES;
				CLANG_WARN_DEPRECATED_OBJC_IMPLEMENTATIONS = YES;
				CLANG_WARN_DIRECT_OBJC_ISA_USAGE = YES_ERROR;
				CLANG_WARN_DOCUMENTATION_COMMENTS = YES;
				CLANG_WARN_EMPTY_BODY = YES;
				CLANG_WARN_ENUM_CONVERSION = YES;
				CLANG_WARN_INFINITE_RECURSION = YES;
				CLANG_WARN_INT_CONVERSION = YES;
				CLANG_WARN_NON_LITERAL_NULL_CONVERSION = YES;
				CLANG_WARN_OBJC_IMPLICIT_RETAIN_SELF = YES;
				CLANG_WARN_OBJC_LITERAL_CONVERSION = YES;
				CLANG_WARN_OBJC_ROOT_CLASS = YES_ERROR;
				CLANG_WARN_QUOTED_INCLUDE_IN_FRAMEWORK_HEADER = YES;
				CLANG_WARN_RANGE_LOOP_ANALYSIS = YES;
				CLANG_WARN_STRICT_PROTOTYPES = YES;
				CLANG_WARN_SUSPICIOUS_MOVE = YES;
				CLANG_WARN_UNGUARDED_AVAILABILITY = YES_AGGRESSIVE;
				CLANG_WARN_UNREACHABLE_CODE = YES;
				CLANG_WARN__DUPLICATE_METHOD_MATCH = YES;
				COPY_PHASE_STRIP = NO;
				DEBUG_INFORMATION_FORMAT = dwarf;
				ENABLE_STRICT_OBJC_MSGSEND = YES;
				ENABLE_TESTABILITY = YES;
				GCC_C_LANGUAGE_STANDARD = gnu11;
				GCC_DYNAMIC_NO_PIC = NO;
				GCC_NO_COMMON_BLOCKS = YES;
				GCC_OPTIMIZATION_LEVEL = 0;
				GCC_PREPROCESSOR_DEFINITIONS = (
					"DEBUG=1",
					"$(inherited)",
				);
				GCC_WARN_64_TO_32_BIT_CONVERSION = YES;
				GCC_WARN_ABOUT_RETURN_TYPE = YES_ERROR;
				GCC_WARN_UNDECLARED_SELECTOR = YES;
				GCC_WARN_UNINITIALIZED_AUTOS = YES_AGGRESSIVE;
				GCC_WARN_UNUSED_FUNCTION = YES;
				GCC_WARN_UNUSED_VARIABLE = YES;
				MACOSX_DEPLOYMENT_TARGET = 12.7;
				MTL_ENABLE_DEBUG_INFO = INCLUDE_SOURCE;
				MTL_FAST_MATH = YES;
				ONLY_ACTIVE_ARCH = YES;
				SDKROOT = macosx;
				SWIFT_ACTIVE_COMPILATION_CONDITIONS = DEBUG;
				SWIFT_OPTIMIZATION_LEVEL = "-Onone";
			};
			name = Debug;
		};
		6A93B2092E83A043002F2DFC /* Release */ = {
			isa = XCBuildConfiguration;
			buildSettings = {
				ALWAYS_SEARCH_USER_PATHS = NO;
				CLANG_ANALYZER_NONNULL = YES;
				CLANG_ANALYZER_NUMBER_OBJECT_CONVERSION = YES_AGGRESSIVE;
				CLANG_CXX_LANGUAGE_STANDARD = "gnu++20";
				CLANG_ENABLE_MODULES = YES;
				CLANG_ENABLE_OBJC_ARC = YES;
				CLANG_ENABLE_OBJC_WEAK = YES;
				CLANG_WARN_BLOCK_CAPTURE_AUTORELEASING = YES;
				CLANG_WARN_BOOL_CONVERSION = YES;
				CLANG_WARN_COMMA = YES;
				CLANG_WARN_CONSTANT_CONVERSION = YES;
				CLANG_WARN_DEPRECATED_OBJC_IMPLEMENTATIONS = YES;
				CLANG_WARN_DIRECT_OBJC_ISA_USAGE = YES_ERROR;
				CLANG_WARN_DOCUMENTATION_COMMENTS = YES;
				CLANG_WARN_EMPTY_BODY = YES;
				CLANG_WARN_ENUM_CONVERSION = YES;
				CLANG_WARN_INFINITE_RECURSION = YES;
				CLANG_WARN_INT_CONVERSION = YES;
				CLANG_WARN_NON_LITERAL_NULL_CONVERSION = YES;
				CLANG_WARN_OBJC_IMPLICIT_RETAIN_SELF = YES;
				CLANG_WARN_OBJC_LITERAL_CONVERSION = YES;
				CLANG_WARN_OBJC_ROOT_CLASS = YES_ERROR;
				CLANG_WARN_QUOTED_INCLUDE_IN_FRAMEWORK_HEADER = YES;
				CLANG_WARN_RANGE_LOOP_ANALYSIS = YES;
				CLANG_WARN_STRICT_PROTOTYPES = YES;
				CLANG_WARN_SUSPICIOUS_MOVE = YES;
				CLANG_WARN_UNGUARDED_AVAILABILITY = YES_AGGRESSIVE;
				CLANG_WARN_UNREACHABLE_CODE = YES;
				CLANG_WARN__DUPLICATE_METHOD_MATCH = YES;
				COPY_PHASE_STRIP = NO;
				DEBUG_INFORMATION_FORMAT = "dwarf-with-dsym";
				ENABLE_NS_ASSERTIONS = NO;
				ENABLE_STRICT_OBJC_MSGSEND = YES;
				GCC_C_LANGUAGE_STANDARD = gnu11;
				GCC_NO_COMMON_BLOCKS = YES;
				GCC_WARN_64_TO_32_BIT_CONVERSION = YES;
				GCC_WARN_ABOUT_RETURN_TYPE = YES_ERROR;
				GCC_WARN_UNDECLARED_SELECTOR = YES;
				GCC_WARN_UNINITIALIZED_AUTOS = YES_AGGRESSIVE;
				GCC_WARN_UNUSED_FUNCTION = YES;
				GCC_WARN_UNUSED_VARIABLE = YES;
				MACOSX_DEPLOYMENT_TARGET = 12.7;
				MTL_ENABLE_DEBUG_INFO = NO;
				MTL_FAST_MATH = YES;
				SDKROOT = macosx;
				SWIFT_COMPILATION_MODE = wholemodule;
				SWIFT_OPTIMIZATION_LEVEL = "-O";
			};
			name = Release;
		};
		6A93B20B2E83A043002F2DFC /* Debug */ = {
			isa = XCBuildConfiguration;
			buildSettings = {
				ASSETCATALOG_COMPILER_APPICON_NAME = AppIcon;
				ASSETCATALOG_COMPILER_GLOBAL_ACCENT_COLOR_NAME = AccentColor;
				CODE_SIGN_ENTITLEMENTS = "KN Exercise 5 - Sound, Feedback and Polish/KN_Exercise_5___Sound__Feedback_and_Polish.entitlements";
				CODE_SIGN_STYLE = Automatic;
				COMBINE_HIDPI_IMAGES = YES;
				CURRENT_PROJECT_VERSION = 1;
				DEVELOPMENT_ASSET_PATHS = "\"KN Exercise 5 - Sound, Feedback and Polish/Preview Content\"";
				DEVELOPMENT_TEAM = UAF6KVRZTG;
				ENABLE_HARDENED_RUNTIME = YES;
				ENABLE_PREVIEWS = YES;
				GENERATE_INFOPLIST_FILE = YES;
				INFOPLIST_FILE = "KN-Exercise-5---Sound--Feedback-and-Polish-Info.plist";
				INFOPLIST_KEY_NSHumanReadableCopyright = "";
				LD_RUNPATH_SEARCH_PATHS = (
					"$(inherited)",
					"@executable_path/../Frameworks",
				);
				MARKETING_VERSION = 1.0;
				PRODUCT_BUNDLE_IDENTIFIER = "com.IYA.KhoiNguyen.KN-Exercise-5---Sound--Feedback-and-Polish";
				PRODUCT_NAME = "$(TARGET_NAME)";
				SUPPORTED_PLATFORMS = "iphoneos iphonesimulator macosx";
				SUPPORTS_MACCATALYST = NO;
				SUPPORTS_MAC_DESIGNED_FOR_IPHONE_IPAD = NO;
				SWIFT_EMIT_LOC_STRINGS = YES;
				SWIFT_VERSION = 5.0;
				TARGETED_DEVICE_FAMILY = 1;
			};
			name = Debug;
		};
		6A93B20C2E83A043002F2DFC /* Release */ = {
			isa = XCBuildConfiguration;
			buildSettings = {
				ASSETCATALOG_COMPILER_APPICON_NAME = AppIcon;
				ASSETCATALOG_COMPILER_GLOBAL_ACCENT_COLOR_NAME = AccentColor;
				CODE_SIGN_ENTITLEMENTS = "KN Exercise 5 - Sound, Feedback and Polish/KN_Exercise_5___Sound__Feedback_and_Polish.entitlements";
				CODE_SIGN_STYLE = Automatic;
				COMBINE_HIDPI_IMAGES = YES;
				CURRENT_PROJECT_VERSION = 1;
				DEVELOPMENT_ASSET_PATHS = "\"KN Exercise 5 - Sound, Feedback and Polish/Preview Content\"";
				DEVELOPMENT_TEAM = UAF6KVRZTG;
				ENABLE_HARDENED_RUNTIME = YES;
				ENABLE_PREVIEWS = YES;
				GENERATE_INFOPLIST_FILE = YES;
				INFOPLIST_FILE = "KN-Exercise-5---Sound--Feedback-and-Polish-Info.plist";
				INFOPLIST_KEY_NSHumanReadableCopyright = "";
				LD_RUNPATH_SEARCH_PATHS = (
					"$(inherited)",
					"@executable_path/../Frameworks",
				);
				MARKETING_VERSION = 1.0;
				PRODUCT_BUNDLE_IDENTIFIER = "com.IYA.KhoiNguyen.KN-Exercise-5---Sound--Feedback-and-Polish";
				PRODUCT_NAME = "$(TARGET_NAME)";
				SUPPORTED_PLATFORMS = "iphoneos iphonesimulator macosx";
				SUPPORTS_MACCATALYST = NO;
				SUPPORTS_MAC_DESIGNED_FOR_IPHONE_IPAD = NO;
				SWIFT_EMIT_LOC_STRINGS = YES;
				SWIFT_VERSION = 5.0;
				TARGETED_DEVICE_FAMILY = 1;
			};
			name = Release;
		};
/* End XCBuildConfiguration section */

/* Begin XCConfigurationList section */
		6A93B1F62E83A041002F2DFC /* Build configuration list for PBXProject "KN Exercise 5 - Sound, Feedback and Polish" */ = {
			isa = XCConfigurationList;
			buildConfigurations = (
				6A93B2082E83A043002F2DFC /* Debug */,
				6A93B2092E83A043002F2DFC /* Release */,
			);
			defaultConfigurationIsVisible = 0;
			defaultConfigurationName = Release;
		};
		6A93B20A2E83A043002F2DFC /* Build configuration list for PBXNativeTarget "KN Exercise 5 - Sound, Feedback and Polish" */ = {
			isa = XCConfigurationList;
			buildConfigurations = (
				6A93B20B2E83A043002F2DFC /* Debug */,
				6A93B20C2E83A043002F2DFC /* Release */,
			);
			defaultConfigurationIsVisible = 0;
			defaultConfigurationName = Release;
		};
/* End XCConfigurationList section */
	};
	rootObject = 6A93B1F32E83A041002F2DFC /* Project object */;
}
